{
    "_readme": [
        "This file locks the dependencies of your project to a known state",
        "Read more about it at https://getcomposer.org/doc/01-basic-usage.md#installing-dependencies",
        "This file is @generated automatically"
    ],
    "content-hash": "da1a2f4b00bd75793f5624d1d1f3d885",
    "packages": [
        {
            "name": "xpaw/steam-openid",
            "version": "v4.0.0",
            "source": {
                "type": "git",
                "url": "https://github.com/xPaw/SteamOpenID.php.git",
                "reference": "5ec7720a0e0f77d20950d2ff0016df6828e7b71c"
            },
            "dist": {
                "type": "zip",
                "url": "https://api.github.com/repos/xPaw/SteamOpenID.php/zipball/5ec7720a0e0f77d20950d2ff0016df6828e7b71c",
                "reference": "5ec7720a0e0f77d20950d2ff0016df6828e7b71c",
                "shasum": ""
            },
            "require": {
                "ext-curl": "*",
                "php": ">=8.3"
            },
            "require-dev": {
                "phpunit/phpunit": "^12"
            },
            "type": "library",
            "autoload": {
                "psr-4": {
                    "xPaw\\Steam\\": "src/"
                }
            },
            "notification-url": "https://packagist.org/downloads/",
            "license": [
                "MIT"
            ],
            "description": "A correct and simple implementation of OpenID authentication for Steam",
            "homepage": "https://github.com/xPaw/SteamOpenID.php",
            "keywords": [
                "OpenId",
                "steam",
                "steamcommunity",
                "valve"
            ],
            "support": {
                "issues": "https://github.com/xPaw/SteamOpenID.php/issues",
                "source": "https://github.com/xPaw/SteamOpenID.php/tree/v4.0.0"
            },
            "funding": [
                {
                    "url": "https://github.com/sponsors/xPaw",
                    "type": "github"
                }
            ],
            "time": "2026-01-29T10:56:44+00:00"
        }
    ],
    "packages-dev": [],
    "aliases": [],
    "minimum-stability": "stable",
    "stability-flags": {},
    "prefer-stable": false,
    "prefer-lowest": false,
    "platform": {},
    "platform-dev": {},
    "plugin-api-version": "2.9.0"
}
